
Microsoft Visual Studio Solution File, Format Version 12.00
# Visual Studio Version 17
VisualStudioVersion = 17.7.34031.279
MinimumVisualStudioVersion = 10.0.40219.1
Project("{FAE04EC0-301F-11D3-BF4B-00C04F79EFBC}") = "View", "View.csproj", "{EEFA2C8E-A3DC-4E13-8FF6-78CCAA9E5C29}"
EndProject
Global
	GlobalSection(SolutionConfigurationPlatforms) = preSolution
		Debug|Any CPU = Debug|Any CPU
		Release|Any CPU = Release|Any CPU
	EndGlobalSection
	GlobalSection(ProjectConfigurationPlatforms) = postSolution
		{EEFA2C8E-A3DC-4E13-8FF6-78CCAA9E5C29}.Debug|Any CPU.ActiveCfg = Debug|Any CPU
		{EEFA2C8E-A3DC-4E13-8FF6-78CCAA9E5C29}.Debug|Any CPU.Build.0 = Debug|Any CPU
		{EEFA2C8E-A3DC-4E13-8FF6-78CCAA9E5C29}.Release|Any CPU.ActiveCfg = Release|Any CPU
		{EEFA2C8E-A3DC-4E13-8FF6-78CCAA9E5C29}.Release|Any CPU.Build.0 = Release|Any CPU
	EndGlobalSection
	GlobalSection(SolutionProperties) = preSolution
		HideSolutionNode = FALSE
	EndGlobalSection
	GlobalSection(ExtensibilityGlobals) = postSolution
		SolutionGuid = {4374E2DC-CED9-4BF3-AF4F-AD7AAF44A628}
	EndGlobalSection
EndGlobal
